
Microsoft Visual Studio Solution File, Format Version 12.00
# Visual Studio Version 17
VisualStudioVersion = 17.11.35327.3
MinimumVisualStudioVersion = 10.0.40219.1
Project("{9A19103F-16F7-4668-BE54-9A1E7A4F7556}") = "JJ.Standard.Core", "JJ.Standard.Core\JJ.Standard.Core.csproj", "{47DEFAFA-843B-4AD7-BE29-DB9A9827DA6F}"
EndProject
Project("{2150E333-8FDC-42A3-9474-1A3956D46DE8}") = "ProjetosParaTestar", "ProjetosParaTestar", "{0B4F8982-A381-4FBD-914D-626FEC5D6366}"
EndProject
Project("{2150E333-8FDC-42A3-9474-1A3956D46DE8}") = "Standard.Core", "Standard.Core", "{C1E32F61-AE1C-4C82-B506-B2CF267B4EB2}"
EndProject
Project("{2150E333-8FDC-42A3-9474-1A3956D46DE8}") = "UniversalWindows.Core", "UniversalWindows.Core", "{7C4FD968-9F82-4893-A1DD-5472CB25A6B1}"
EndProject
Project("{FAE04EC0-301F-11D3-BF4B-00C04F79EFBC}") = "JJ.UW.Core", "JJ.UW.Core\JJ.UW.Core.csproj", "{C7495CEB-25A7-44D9-BA94-4BFC3775A560}"
EndProject
Project("{FAE04EC0-301F-11D3-BF4B-00C04F79EFBC}") = "JJ.UW.Data", "JJ.UW.Data\JJ.UW.Data.csproj", "{949F49E7-EA40-44AC-8E08-C9E0F7212FDA}"
EndProject
Project("{FAE04EC0-301F-11D3-BF4B-00C04F79EFBC}") = "AppTesteUWP", "AppTesteUWP\AppTesteUWP.csproj", "{3C7C5E45-1B13-41A5-9D7A-07EB6116ED98}"
EndProject
Project("{9A19103F-16F7-4668-BE54-9A1E7A4F7556}") = "JJ.Standard.Data", "JJ.Standard.Data\JJ.Standard.Data.csproj", "{40E77A54-F9DA-49DF-BDC4-54E3C7BB8037}"
EndProject
Project("{FAE04EC0-301F-11D3-BF4B-00C04F79EFBC}") = "JJ.UW.Cryptography", "JJ.UW.Cryptography\JJ.UW.Cryptography.csproj", "{B441DE6A-B8D9-490A-AF34-138E11185E55}"
EndProject
Global
	GlobalSection(SolutionConfigurationPlatforms) = preSolution
		Debug|Any CPU = Debug|Any CPU
		Debug|ARM = Debug|ARM
		Debug|ARM64 = Debug|ARM64
		Debug|x64 = Debug|x64
		Debug|x86 = Debug|x86
		Release|Any CPU = Release|Any CPU
		Release|ARM = Release|ARM
		Release|ARM64 = Release|ARM64
		Release|x64 = Release|x64
		Release|x86 = Release|x86
	EndGlobalSection
	GlobalSection(ProjectConfigurationPlatforms) = postSolution
		{47DEFAFA-843B-4AD7-BE29-DB9A9827DA6F}.Debug|Any CPU.ActiveCfg = Debug|Any CPU
		{47DEFAFA-843B-4AD7-BE29-DB9A9827DA6F}.Debug|Any CPU.Build.0 = Debug|Any CPU
		{47DEFAFA-843B-4AD7-BE29-DB9A9827DA6F}.Debug|ARM.ActiveCfg = Debug|Any CPU
		{47DEFAFA-843B-4AD7-BE29-DB9A9827DA6F}.Debug|ARM.Build.0 = Debug|Any CPU
		{47DEFAFA-843B-4AD7-BE29-DB9A9827DA6F}.Debug|ARM64.ActiveCfg = Debug|Any CPU
		{47DEFAFA-843B-4AD7-BE29-DB9A9827DA6F}.Debug|ARM64.Build.0 = Debug|Any CPU
		{47DEFAFA-843B-4AD7-BE29-DB9A9827DA6F}.Debug|x64.ActiveCfg = Debug|Any CPU
		{47DEFAFA-843B-4AD7-BE29-DB9A9827DA6F}.Debug|x64.Build.0 = Debug|Any CPU
		{47DEFAFA-843B-4AD7-BE29-DB9A9827DA6F}.Debug|x86.ActiveCfg = Debug|Any CPU
		{47DEFAFA-843B-4AD7-BE29-DB9A9827DA6F}.Debug|x86.Build.0 = Debug|Any CPU
		{47DEFAFA-843B-4AD7-BE29-DB9A9827DA6F}.Release|Any CPU.ActiveCfg = Release|Any CPU
		{47DEFAFA-843B-4AD7-BE29-DB9A9827DA6F}.Release|Any CPU.Build.0 = Release|Any CPU
		{47DEFAFA-843B-4AD7-BE29-DB9A9827DA6F}.Release|ARM.ActiveCfg = Release|Any CPU
		{47DEFAFA-843B-4AD7-BE29-DB9A9827DA6F}.Release|ARM.Build.0 = Release|Any CPU
		{47DEFAFA-843B-4AD7-BE29-DB9A9827DA6F}.Release|ARM64.ActiveCfg = Release|Any CPU
		{47DEFAFA-843B-4AD7-BE29-DB9A9827DA6F}.Release|ARM64.Build.0 = Release|Any CPU
		{47DEFAFA-843B-4AD7-BE29-DB9A9827DA6F}.Release|x64.ActiveCfg = Release|Any CPU
		{47DEFAFA-843B-4AD7-BE29-DB9A9827DA6F}.Release|x64.Build.0 = Release|Any CPU
		{47DEFAFA-843B-4AD7-BE29-DB9A9827DA6F}.Release|x86.ActiveCfg = Release|Any CPU
		{47DEFAFA-843B-4AD7-BE29-DB9A9827DA6F}.Release|x86.Build.0 = Release|Any CPU
		{C7495CEB-25A7-44D9-BA94-4BFC3775A560}.Debug|Any CPU.ActiveCfg = Debug|Any CPU
		{C7495CEB-25A7-44D9-BA94-4BFC3775A560}.Debug|Any CPU.Build.0 = Debug|Any CPU
		{C7495CEB-25A7-44D9-BA94-4BFC3775A560}.Debug|ARM.ActiveCfg = Debug|ARM
		{C7495CEB-25A7-44D9-BA94-4BFC3775A560}.Debug|ARM.Build.0 = Debug|ARM
		{C7495CEB-25A7-44D9-BA94-4BFC3775A560}.Debug|ARM64.ActiveCfg = Debug|ARM64
		{C7495CEB-25A7-44D9-BA94-4BFC3775A560}.Debug|ARM64.Build.0 = Debug|ARM64
		{C7495CEB-25A7-44D9-BA94-4BFC3775A560}.Debug|x64.ActiveCfg = Debug|x64
		{C7495CEB-25A7-44D9-BA94-4BFC3775A560}.Debug|x64.Build.0 = Debug|x64
		{C7495CEB-25A7-44D9-BA94-4BFC3775A560}.Debug|x86.ActiveCfg = Debug|x86
		{C7495CEB-25A7-44D9-BA94-4BFC3775A560}.Debug|x86.Build.0 = Debug|x86
		{C7495CEB-25A7-44D9-BA94-4BFC3775A560}.Release|Any CPU.ActiveCfg = Release|Any CPU
		{C7495CEB-25A7-44D9-BA94-4BFC3775A560}.Release|Any CPU.Build.0 = Release|Any CPU
		{C7495CEB-25A7-44D9-BA94-4BFC3775A560}.Release|ARM.ActiveCfg = Release|ARM
		{C7495CEB-25A7-44D9-BA94-4BFC3775A560}.Release|ARM.Build.0 = Release|ARM
		{C7495CEB-25A7-44D9-BA94-4BFC3775A560}.Release|ARM64.ActiveCfg = Release|ARM64
		{C7495CEB-25A7-44D9-BA94-4BFC3775A560}.Release|ARM64.Build.0 = Release|ARM64
		{C7495CEB-25A7-44D9-BA94-4BFC3775A560}.Release|x64.ActiveCfg = Release|x64
		{C7495CEB-25A7-44D9-BA94-4BFC3775A560}.Release|x64.Build.0 = Release|x64
		{C7495CEB-25A7-44D9-BA94-4BFC3775A560}.Release|x86.ActiveCfg = Release|x86
		{C7495CEB-25A7-44D9-BA94-4BFC3775A560}.Release|x86.Build.0 = Release|x86
		{949F49E7-EA40-44AC-8E08-C9E0F7212FDA}.Debug|Any CPU.ActiveCfg = Debug|Any CPU
		{949F49E7-EA40-44AC-8E08-C9E0F7212FDA}.Debug|Any CPU.Build.0 = Debug|Any CPU
		{949F49E7-EA40-44AC-8E08-C9E0F7212FDA}.Debug|ARM.ActiveCfg = Debug|ARM
		{949F49E7-EA40-44AC-8E08-C9E0F7212FDA}.Debug|ARM.Build.0 = Debug|ARM
		{949F49E7-EA40-44AC-8E08-C9E0F7212FDA}.Debug|ARM64.ActiveCfg = Debug|ARM64
		{949F49E7-EA40-44AC-8E08-C9E0F7212FDA}.Debug|ARM64.Build.0 = Debug|ARM64
		{949F49E7-EA40-44AC-8E08-C9E0F7212FDA}.Debug|x64.ActiveCfg = Debug|x64
		{949F49E7-EA40-44AC-8E08-C9E0F7212FDA}.Debug|x64.Build.0 = Debug|x64
		{949F49E7-EA40-44AC-8E08-C9E0F7212FDA}.Debug|x86.ActiveCfg = Debug|x86
		{949F49E7-EA40-44AC-8E08-C9E0F7212FDA}.Debug|x86.Build.0 = Debug|x86
		{949F49E7-EA40-44AC-8E08-C9E0F7212FDA}.Release|Any CPU.ActiveCfg = Release|Any CPU
		{949F49E7-EA40-44AC-8E08-C9E0F7212FDA}.Release|Any CPU.Build.0 = Release|Any CPU
		{949F49E7-EA40-44AC-8E08-C9E0F7212FDA}.Release|ARM.ActiveCfg = Release|ARM
		{949F49E7-EA40-44AC-8E08-C9E0F7212FDA}.Release|ARM.Build.0 = Release|ARM
		{949F49E7-EA40-44AC-8E08-C9E0F7212FDA}.Release|ARM64.ActiveCfg = Release|ARM64
		{949F49E7-EA40-44AC-8E08-C9E0F7212FDA}.Release|ARM64.Build.0 = Release|ARM64
		{949F49E7-EA40-44AC-8E08-C9E0F7212FDA}.Release|x64.ActiveCfg = Release|x64
		{949F49E7-EA40-44AC-8E08-C9E0F7212FDA}.Release|x64.Build.0 = Release|x64
		{949F49E7-EA40-44AC-8E08-C9E0F7212FDA}.Release|x86.ActiveCfg = Release|x86
		{949F49E7-EA40-44AC-8E08-C9E0F7212FDA}.Release|x86.Build.0 = Release|x86
		{3C7C5E45-1B13-41A5-9D7A-07EB6116ED98}.Debug|Any CPU.ActiveCfg = Debug|x64
		{3C7C5E45-1B13-41A5-9D7A-07EB6116ED98}.Debug|Any CPU.Build.0 = Debug|x64
		{3C7C5E45-1B13-41A5-9D7A-07EB6116ED98}.Debug|Any CPU.Deploy.0 = Debug|x64
		{3C7C5E45-1B13-41A5-9D7A-07EB6116ED98}.Debug|ARM.ActiveCfg = Debug|ARM
		{3C7C5E45-1B13-41A5-9D7A-07EB6116ED98}.Debug|ARM.Build.0 = Debug|ARM
		{3C7C5E45-1B13-41A5-9D7A-07EB6116ED98}.Debug|ARM.Deploy.0 = Debug|ARM
		{3C7C5E45-1B13-41A5-9D7A-07EB6116ED98}.Debug|ARM64.ActiveCfg = Debug|ARM64
		{3C7C5E45-1B13-41A5-9D7A-07EB6116ED98}.Debug|ARM64.Build.0 = Debug|ARM64
		{3C7C5E45-1B13-41A5-9D7A-07EB6116ED98}.Debug|ARM64.Deploy.0 = Debug|ARM64
		{3C7C5E45-1B13-41A5-9D7A-07EB6116ED98}.Debug|x64.ActiveCfg = Debug|x64
		{3C7C5E45-1B13-41A5-9D7A-07EB6116ED98}.Debug|x64.Build.0 = Debug|x64
		{3C7C5E45-1B13-41A5-9D7A-07EB6116ED98}.Debug|x64.Deploy.0 = Debug|x64
		{3C7C5E45-1B13-41A5-9D7A-07EB6116ED98}.Debug|x86.ActiveCfg = Debug|x86
		{3C7C5E45-1B13-41A5-9D7A-07EB6116ED98}.Debug|x86.Build.0 = Debug|x86
		{3C7C5E45-1B13-41A5-9D7A-07EB6116ED98}.Debug|x86.Deploy.0 = Debug|x86
		{3C7C5E45-1B13-41A5-9D7A-07EB6116ED98}.Release|Any CPU.ActiveCfg = Release|x64
		{3C7C5E45-1B13-41A5-9D7A-07EB6116ED98}.Release|Any CPU.Build.0 = Release|x64
		{3C7C5E45-1B13-41A5-9D7A-07EB6116ED98}.Release|Any CPU.Deploy.0 = Release|x64
		{3C7C5E45-1B13-41A5-9D7A-07EB6116ED98}.Release|ARM.ActiveCfg = Release|ARM
		{3C7C5E45-1B13-41A5-9D7A-07EB6116ED98}.Release|ARM.Build.0 = Release|ARM
		{3C7C5E45-1B13-41A5-9D7A-07EB6116ED98}.Release|ARM.Deploy.0 = Release|ARM
		{3C7C5E45-1B13-41A5-9D7A-07EB6116ED98}.Release|ARM64.ActiveCfg = Release|ARM64
		{3C7C5E45-1B13-41A5-9D7A-07EB6116ED98}.Release|ARM64.Build.0 = Release|ARM64
		{3C7C5E45-1B13-41A5-9D7A-07EB6116ED98}.Release|ARM64.Deploy.0 = Release|ARM64
		{3C7C5E45-1B13-41A5-9D7A-07EB6116ED98}.Release|x64.ActiveCfg = Release|x64
		{3C7C5E45-1B13-41A5-9D7A-07EB6116ED98}.Release|x64.Build.0 = Release|x64
		{3C7C5E45-1B13-41A5-9D7A-07EB6116ED98}.Release|x64.Deploy.0 = Release|x64
		{3C7C5E45-1B13-41A5-9D7A-07EB6116ED98}.Release|x86.ActiveCfg = Release|x86
		{3C7C5E45-1B13-41A5-9D7A-07EB6116ED98}.Release|x86.Build.0 = Release|x86
		{3C7C5E45-1B13-41A5-9D7A-07EB6116ED98}.Release|x86.Deploy.0 = Release|x86
		{40E77A54-F9DA-49DF-BDC4-54E3C7BB8037}.Debug|Any CPU.ActiveCfg = Debug|Any CPU
		{40E77A54-F9DA-49DF-BDC4-54E3C7BB8037}.Debug|Any CPU.Build.0 = Debug|Any CPU
		{40E77A54-F9DA-49DF-BDC4-54E3C7BB8037}.Debug|ARM.ActiveCfg = Debug|Any CPU
		{40E77A54-F9DA-49DF-BDC4-54E3C7BB8037}.Debug|ARM.Build.0 = Debug|Any CPU
		{40E77A54-F9DA-49DF-BDC4-54E3C7BB8037}.Debug|ARM64.ActiveCfg = Debug|Any CPU
		{40E77A54-F9DA-49DF-BDC4-54E3C7BB8037}.Debug|ARM64.Build.0 = Debug|Any CPU
		{40E77A54-F9DA-49DF-BDC4-54E3C7BB8037}.Debug|x64.ActiveCfg = Debug|Any CPU
		{40E77A54-F9DA-49DF-BDC4-54E3C7BB8037}.Debug|x64.Build.0 = Debug|Any CPU
		{40E77A54-F9DA-49DF-BDC4-54E3C7BB8037}.Debug|x86.ActiveCfg = Debug|Any CPU
		{40E77A54-F9DA-49DF-BDC4-54E3C7BB8037}.Debug|x86.Build.0 = Debug|Any CPU
		{40E77A54-F9DA-49DF-BDC4-54E3C7BB8037}.Release|Any CPU.ActiveCfg = Release|Any CPU
		{40E77A54-F9DA-49DF-BDC4-54E3C7BB8037}.Release|Any CPU.Build.0 = Release|Any CPU
		{40E77A54-F9DA-49DF-BDC4-54E3C7BB8037}.Release|ARM.ActiveCfg = Release|Any CPU
		{40E77A54-F9DA-49DF-BDC4-54E3C7BB8037}.Release|ARM.Build.0 = Release|Any CPU
		{40E77A54-F9DA-49DF-BDC4-54E3C7BB8037}.Release|ARM64.ActiveCfg = Release|Any CPU
		{40E77A54-F9DA-49DF-BDC4-54E3C7BB8037}.Release|ARM64.Build.0 = Release|Any CPU
		{40E77A54-F9DA-49DF-BDC4-54E3C7BB8037}.Release|x64.ActiveCfg = Release|Any CPU
		{40E77A54-F9DA-49DF-BDC4-54E3C7BB8037}.Release|x64.Build.0 = Release|Any CPU
		{40E77A54-F9DA-49DF-BDC4-54E3C7BB8037}.Release|x86.ActiveCfg = Release|Any CPU
		{40E77A54-F9DA-49DF-BDC4-54E3C7BB8037}.Release|x86.Build.0 = Release|Any CPU
		{B441DE6A-B8D9-490A-AF34-138E11185E55}.Debug|Any CPU.ActiveCfg = Debug|Any CPU
		{B441DE6A-B8D9-490A-AF34-138E11185E55}.Debug|Any CPU.Build.0 = Debug|Any CPU
		{B441DE6A-B8D9-490A-AF34-138E11185E55}.Debug|ARM.ActiveCfg = Debug|ARM
		{B441DE6A-B8D9-490A-AF34-138E11185E55}.Debug|ARM.Build.0 = Debug|ARM
		{B441DE6A-B8D9-490A-AF34-138E11185E55}.Debug|ARM64.ActiveCfg = Debug|ARM64
		{B441DE6A-B8D9-490A-AF34-138E11185E55}.Debug|ARM64.Build.0 = Debug|ARM64
		{B441DE6A-B8D9-490A-AF34-138E11185E55}.Debug|x64.ActiveCfg = Debug|x64
		{B441DE6A-B8D9-490A-AF34-138E11185E55}.Debug|x64.Build.0 = Debug|x64
		{B441DE6A-B8D9-490A-AF34-138E11185E55}.Debug|x86.ActiveCfg = Debug|x86
		{B441DE6A-B8D9-490A-AF34-138E11185E55}.Debug|x86.Build.0 = Debug|x86
		{B441DE6A-B8D9-490A-AF34-138E11185E55}.Release|Any CPU.ActiveCfg = Release|Any CPU
		{B441DE6A-B8D9-490A-AF34-138E11185E55}.Release|Any CPU.Build.0 = Release|Any CPU
		{B441DE6A-B8D9-490A-AF34-138E11185E55}.Release|ARM.ActiveCfg = Release|ARM
		{B441DE6A-B8D9-490A-AF34-138E11185E55}.Release|ARM.Build.0 = Release|ARM
		{B441DE6A-B8D9-490A-AF34-138E11185E55}.Release|ARM64.ActiveCfg = Release|ARM64
		{B441DE6A-B8D9-490A-AF34-138E11185E55}.Release|ARM64.Build.0 = Release|ARM64
		{B441DE6A-B8D9-490A-AF34-138E11185E55}.Release|x64.ActiveCfg = Release|x64
		{B441DE6A-B8D9-490A-AF34-138E11185E55}.Release|x64.Build.0 = Release|x64
		{B441DE6A-B8D9-490A-AF34-138E11185E55}.Release|x86.ActiveCfg = Release|x86
		{B441DE6A-B8D9-490A-AF34-138E11185E55}.Release|x86.Build.0 = Release|x86
	EndGlobalSection
	GlobalSection(SolutionProperties) = preSolution
		HideSolutionNode = FALSE
	EndGlobalSection
	GlobalSection(NestedProjects) = preSolution
		{47DEFAFA-843B-4AD7-BE29-DB9A9827DA6F} = {C1E32F61-AE1C-4C82-B506-B2CF267B4EB2}
		{C7495CEB-25A7-44D9-BA94-4BFC3775A560} = {7C4FD968-9F82-4893-A1DD-5472CB25A6B1}
		{949F49E7-EA40-44AC-8E08-C9E0F7212FDA} = {7C4FD968-9F82-4893-A1DD-5472CB25A6B1}
		{3C7C5E45-1B13-41A5-9D7A-07EB6116ED98} = {0B4F8982-A381-4FBD-914D-626FEC5D6366}
		{40E77A54-F9DA-49DF-BDC4-54E3C7BB8037} = {C1E32F61-AE1C-4C82-B506-B2CF267B4EB2}
		{B441DE6A-B8D9-490A-AF34-138E11185E55} = {7C4FD968-9F82-4893-A1DD-5472CB25A6B1}
	EndGlobalSection
	GlobalSection(ExtensibilityGlobals) = postSolution
		SolutionGuid = {931C88B5-D5C3-45DA-908F-F56B704C73EB}
	EndGlobalSection
EndGlobal
