
Microsoft Visual Studio Solution File, Format Version 12.00
# Visual Studio Version 17
VisualStudioVersion = 17.11.35327.3
MinimumVisualStudioVersion = 10.0.40219.1
Project("{2150E333-8FDC-42A3-9474-1A3956D46DE8}") = "Net.Core", "Net.Core", "{957C24A3-3BE5-4A1F-BBAE-306C4C0DD97B}"
EndProject
Project("{FAE04EC0-301F-11D3-BF4B-00C04F79EFBC}") = "JJ.NET.Core", "JJ.NET.Core\JJ.NET.Core.csproj", "{A8B89D6F-2505-4C77-9A9F-C84BED8A77E0}"
EndProject
Project("{FAE04EC0-301F-11D3-BF4B-00C04F79EFBC}") = "JJ.NET.Data", "JJ.NET.Data\JJ.NET.Data.csproj", "{6AA0BB3D-D640-4B2B-BA68-377B7F9944A4}"
EndProject
Project("{FAE04EC0-301F-11D3-BF4B-00C04F79EFBC}") = "JJ.NET.Cryptography", "JJ.NET.Cryptography\JJ.NET.Cryptography.csproj", "{B141001B-ABD0-48B4-ADF6-6E1C1252F6FA}"
EndProject
Project("{FAE04EC0-301F-11D3-BF4B-00C04F79EFBC}") = "JJ.NET.CrossData", "JJ.NET.CrossData\JJ.NET.CrossData.csproj", "{59430E2B-03CF-4CE7-B0D1-4A9A305AE4A0}"
EndProject
Project("{2150E333-8FDC-42A3-9474-1A3956D46DE8}") = "Net.UWP", "Net.UWP", "{02EA681E-C7D8-13C7-8484-4AC65E1B71E8}"
EndProject
Project("{2150E333-8FDC-42A3-9474-1A3956D46DE8}") = "UWP.Teste", "UWP.Teste", "{5C87AD2C-22F2-419D-8D67-52FC0AAD8FDC}"
EndProject
Project("{FAE04EC0-301F-11D3-BF4B-00C04F79EFBC}") = "UWPTesteDLL", "UWPTesteDLL\UWPTesteDLL.csproj", "{4607A1B2-B90B-4F16-9E5F-F1551B7AF9D5}"
EndProject
Project("{FAE04EC0-301F-11D3-BF4B-00C04F79EFBC}") = "JJ.UWP.Core", "JJ.UWP.Core\JJ.UWP.Core.csproj", "{76B37CE5-CF01-4256-9987-1C96185D1A42}"
EndProject
Project("{FAE04EC0-301F-11D3-BF4B-00C04F79EFBC}") = "JJ.UWP.CrossData", "JJ.UWP.CrossData\JJ.UWP.CrossData.csproj", "{20D895A0-209B-44F7-969C-9097F829680D}"
EndProject
Project("{FAE04EC0-301F-11D3-BF4B-00C04F79EFBC}") = "JJ.UWP.Cryptography", "JJ.UWP.Cryptography\JJ.UWP.Cryptography.csproj", "{851C96C2-CDD2-4C76-8F3B-F7D51115BD9F}"
EndProject
Project("{FAE04EC0-301F-11D3-BF4B-00C04F79EFBC}") = "JJ.UWP.Data", "JJ.UWP.Data\JJ.UWP.Data.csproj", "{E32DC079-4B3D-44A6-9A3B-9C819BBFB0D6}"
EndProject
Global
	GlobalSection(SolutionConfigurationPlatforms) = preSolution
		Debug|Any CPU = Debug|Any CPU
		Debug|ARM = Debug|ARM
		Debug|ARM64 = Debug|ARM64
		Debug|x64 = Debug|x64
		Debug|x86 = Debug|x86
		Release|Any CPU = Release|Any CPU
		Release|ARM = Release|ARM
		Release|ARM64 = Release|ARM64
		Release|x64 = Release|x64
		Release|x86 = Release|x86
	EndGlobalSection
	GlobalSection(ProjectConfigurationPlatforms) = postSolution
		{A8B89D6F-2505-4C77-9A9F-C84BED8A77E0}.Debug|Any CPU.ActiveCfg = Debug|Any CPU
		{A8B89D6F-2505-4C77-9A9F-C84BED8A77E0}.Debug|Any CPU.Build.0 = Debug|Any CPU
		{A8B89D6F-2505-4C77-9A9F-C84BED8A77E0}.Debug|ARM.ActiveCfg = Debug|Any CPU
		{A8B89D6F-2505-4C77-9A9F-C84BED8A77E0}.Debug|ARM.Build.0 = Debug|Any CPU
		{A8B89D6F-2505-4C77-9A9F-C84BED8A77E0}.Debug|ARM64.ActiveCfg = Debug|Any CPU
		{A8B89D6F-2505-4C77-9A9F-C84BED8A77E0}.Debug|ARM64.Build.0 = Debug|Any CPU
		{A8B89D6F-2505-4C77-9A9F-C84BED8A77E0}.Debug|x64.ActiveCfg = Debug|Any CPU
		{A8B89D6F-2505-4C77-9A9F-C84BED8A77E0}.Debug|x64.Build.0 = Debug|Any CPU
		{A8B89D6F-2505-4C77-9A9F-C84BED8A77E0}.Debug|x86.ActiveCfg = Debug|Any CPU
		{A8B89D6F-2505-4C77-9A9F-C84BED8A77E0}.Debug|x86.Build.0 = Debug|Any CPU
		{A8B89D6F-2505-4C77-9A9F-C84BED8A77E0}.Release|Any CPU.ActiveCfg = Release|Any CPU
		{A8B89D6F-2505-4C77-9A9F-C84BED8A77E0}.Release|Any CPU.Build.0 = Release|Any CPU
		{A8B89D6F-2505-4C77-9A9F-C84BED8A77E0}.Release|ARM.ActiveCfg = Release|Any CPU
		{A8B89D6F-2505-4C77-9A9F-C84BED8A77E0}.Release|ARM.Build.0 = Release|Any CPU
		{A8B89D6F-2505-4C77-9A9F-C84BED8A77E0}.Release|ARM64.ActiveCfg = Release|Any CPU
		{A8B89D6F-2505-4C77-9A9F-C84BED8A77E0}.Release|ARM64.Build.0 = Release|Any CPU
		{A8B89D6F-2505-4C77-9A9F-C84BED8A77E0}.Release|x64.ActiveCfg = Release|Any CPU
		{A8B89D6F-2505-4C77-9A9F-C84BED8A77E0}.Release|x64.Build.0 = Release|Any CPU
		{A8B89D6F-2505-4C77-9A9F-C84BED8A77E0}.Release|x86.ActiveCfg = Release|Any CPU
		{A8B89D6F-2505-4C77-9A9F-C84BED8A77E0}.Release|x86.Build.0 = Release|Any CPU
		{6AA0BB3D-D640-4B2B-BA68-377B7F9944A4}.Debug|Any CPU.ActiveCfg = Debug|Any CPU
		{6AA0BB3D-D640-4B2B-BA68-377B7F9944A4}.Debug|Any CPU.Build.0 = Debug|Any CPU
		{6AA0BB3D-D640-4B2B-BA68-377B7F9944A4}.Debug|ARM.ActiveCfg = Debug|Any CPU
		{6AA0BB3D-D640-4B2B-BA68-377B7F9944A4}.Debug|ARM.Build.0 = Debug|Any CPU
		{6AA0BB3D-D640-4B2B-BA68-377B7F9944A4}.Debug|ARM64.ActiveCfg = Debug|Any CPU
		{6AA0BB3D-D640-4B2B-BA68-377B7F9944A4}.Debug|ARM64.Build.0 = Debug|Any CPU
		{6AA0BB3D-D640-4B2B-BA68-377B7F9944A4}.Debug|x64.ActiveCfg = Debug|Any CPU
		{6AA0BB3D-D640-4B2B-BA68-377B7F9944A4}.Debug|x64.Build.0 = Debug|Any CPU
		{6AA0BB3D-D640-4B2B-BA68-377B7F9944A4}.Debug|x86.ActiveCfg = Debug|Any CPU
		{6AA0BB3D-D640-4B2B-BA68-377B7F9944A4}.Debug|x86.Build.0 = Debug|Any CPU
		{6AA0BB3D-D640-4B2B-BA68-377B7F9944A4}.Release|Any CPU.ActiveCfg = Release|Any CPU
		{6AA0BB3D-D640-4B2B-BA68-377B7F9944A4}.Release|Any CPU.Build.0 = Release|Any CPU
		{6AA0BB3D-D640-4B2B-BA68-377B7F9944A4}.Release|ARM.ActiveCfg = Release|Any CPU
		{6AA0BB3D-D640-4B2B-BA68-377B7F9944A4}.Release|ARM.Build.0 = Release|Any CPU
		{6AA0BB3D-D640-4B2B-BA68-377B7F9944A4}.Release|ARM64.ActiveCfg = Release|Any CPU
		{6AA0BB3D-D640-4B2B-BA68-377B7F9944A4}.Release|ARM64.Build.0 = Release|Any CPU
		{6AA0BB3D-D640-4B2B-BA68-377B7F9944A4}.Release|x64.ActiveCfg = Release|Any CPU
		{6AA0BB3D-D640-4B2B-BA68-377B7F9944A4}.Release|x64.Build.0 = Release|Any CPU
		{6AA0BB3D-D640-4B2B-BA68-377B7F9944A4}.Release|x86.ActiveCfg = Release|Any CPU
		{6AA0BB3D-D640-4B2B-BA68-377B7F9944A4}.Release|x86.Build.0 = Release|Any CPU
		{B141001B-ABD0-48B4-ADF6-6E1C1252F6FA}.Debug|Any CPU.ActiveCfg = Debug|Any CPU
		{B141001B-ABD0-48B4-ADF6-6E1C1252F6FA}.Debug|Any CPU.Build.0 = Debug|Any CPU
		{B141001B-ABD0-48B4-ADF6-6E1C1252F6FA}.Debug|ARM.ActiveCfg = Debug|Any CPU
		{B141001B-ABD0-48B4-ADF6-6E1C1252F6FA}.Debug|ARM.Build.0 = Debug|Any CPU
		{B141001B-ABD0-48B4-ADF6-6E1C1252F6FA}.Debug|ARM64.ActiveCfg = Debug|Any CPU
		{B141001B-ABD0-48B4-ADF6-6E1C1252F6FA}.Debug|ARM64.Build.0 = Debug|Any CPU
		{B141001B-ABD0-48B4-ADF6-6E1C1252F6FA}.Debug|x64.ActiveCfg = Debug|Any CPU
		{B141001B-ABD0-48B4-ADF6-6E1C1252F6FA}.Debug|x64.Build.0 = Debug|Any CPU
		{B141001B-ABD0-48B4-ADF6-6E1C1252F6FA}.Debug|x86.ActiveCfg = Debug|Any CPU
		{B141001B-ABD0-48B4-ADF6-6E1C1252F6FA}.Debug|x86.Build.0 = Debug|Any CPU
		{B141001B-ABD0-48B4-ADF6-6E1C1252F6FA}.Release|Any CPU.ActiveCfg = Release|Any CPU
		{B141001B-ABD0-48B4-ADF6-6E1C1252F6FA}.Release|Any CPU.Build.0 = Release|Any CPU
		{B141001B-ABD0-48B4-ADF6-6E1C1252F6FA}.Release|ARM.ActiveCfg = Release|Any CPU
		{B141001B-ABD0-48B4-ADF6-6E1C1252F6FA}.Release|ARM.Build.0 = Release|Any CPU
		{B141001B-ABD0-48B4-ADF6-6E1C1252F6FA}.Release|ARM64.ActiveCfg = Release|Any CPU
		{B141001B-ABD0-48B4-ADF6-6E1C1252F6FA}.Release|ARM64.Build.0 = Release|Any CPU
		{B141001B-ABD0-48B4-ADF6-6E1C1252F6FA}.Release|x64.ActiveCfg = Release|Any CPU
		{B141001B-ABD0-48B4-ADF6-6E1C1252F6FA}.Release|x64.Build.0 = Release|Any CPU
		{B141001B-ABD0-48B4-ADF6-6E1C1252F6FA}.Release|x86.ActiveCfg = Release|Any CPU
		{B141001B-ABD0-48B4-ADF6-6E1C1252F6FA}.Release|x86.Build.0 = Release|Any CPU
		{59430E2B-03CF-4CE7-B0D1-4A9A305AE4A0}.Debug|Any CPU.ActiveCfg = Debug|Any CPU
		{59430E2B-03CF-4CE7-B0D1-4A9A305AE4A0}.Debug|Any CPU.Build.0 = Debug|Any CPU
		{59430E2B-03CF-4CE7-B0D1-4A9A305AE4A0}.Debug|ARM.ActiveCfg = Debug|Any CPU
		{59430E2B-03CF-4CE7-B0D1-4A9A305AE4A0}.Debug|ARM.Build.0 = Debug|Any CPU
		{59430E2B-03CF-4CE7-B0D1-4A9A305AE4A0}.Debug|ARM64.ActiveCfg = Debug|Any CPU
		{59430E2B-03CF-4CE7-B0D1-4A9A305AE4A0}.Debug|ARM64.Build.0 = Debug|Any CPU
		{59430E2B-03CF-4CE7-B0D1-4A9A305AE4A0}.Debug|x64.ActiveCfg = Debug|Any CPU
		{59430E2B-03CF-4CE7-B0D1-4A9A305AE4A0}.Debug|x64.Build.0 = Debug|Any CPU
		{59430E2B-03CF-4CE7-B0D1-4A9A305AE4A0}.Debug|x86.ActiveCfg = Debug|Any CPU
		{59430E2B-03CF-4CE7-B0D1-4A9A305AE4A0}.Debug|x86.Build.0 = Debug|Any CPU
		{59430E2B-03CF-4CE7-B0D1-4A9A305AE4A0}.Release|Any CPU.ActiveCfg = Release|Any CPU
		{59430E2B-03CF-4CE7-B0D1-4A9A305AE4A0}.Release|Any CPU.Build.0 = Release|Any CPU
		{59430E2B-03CF-4CE7-B0D1-4A9A305AE4A0}.Release|ARM.ActiveCfg = Release|Any CPU
		{59430E2B-03CF-4CE7-B0D1-4A9A305AE4A0}.Release|ARM.Build.0 = Release|Any CPU
		{59430E2B-03CF-4CE7-B0D1-4A9A305AE4A0}.Release|ARM64.ActiveCfg = Release|Any CPU
		{59430E2B-03CF-4CE7-B0D1-4A9A305AE4A0}.Release|ARM64.Build.0 = Release|Any CPU
		{59430E2B-03CF-4CE7-B0D1-4A9A305AE4A0}.Release|x64.ActiveCfg = Release|Any CPU
		{59430E2B-03CF-4CE7-B0D1-4A9A305AE4A0}.Release|x64.Build.0 = Release|Any CPU
		{59430E2B-03CF-4CE7-B0D1-4A9A305AE4A0}.Release|x86.ActiveCfg = Release|Any CPU
		{59430E2B-03CF-4CE7-B0D1-4A9A305AE4A0}.Release|x86.Build.0 = Release|Any CPU
		{4607A1B2-B90B-4F16-9E5F-F1551B7AF9D5}.Debug|Any CPU.ActiveCfg = Debug|x64
		{4607A1B2-B90B-4F16-9E5F-F1551B7AF9D5}.Debug|Any CPU.Build.0 = Debug|x64
		{4607A1B2-B90B-4F16-9E5F-F1551B7AF9D5}.Debug|Any CPU.Deploy.0 = Debug|x64
		{4607A1B2-B90B-4F16-9E5F-F1551B7AF9D5}.Debug|ARM.ActiveCfg = Debug|ARM
		{4607A1B2-B90B-4F16-9E5F-F1551B7AF9D5}.Debug|ARM.Build.0 = Debug|ARM
		{4607A1B2-B90B-4F16-9E5F-F1551B7AF9D5}.Debug|ARM.Deploy.0 = Debug|ARM
		{4607A1B2-B90B-4F16-9E5F-F1551B7AF9D5}.Debug|ARM64.ActiveCfg = Debug|ARM64
		{4607A1B2-B90B-4F16-9E5F-F1551B7AF9D5}.Debug|ARM64.Build.0 = Debug|ARM64
		{4607A1B2-B90B-4F16-9E5F-F1551B7AF9D5}.Debug|ARM64.Deploy.0 = Debug|ARM64
		{4607A1B2-B90B-4F16-9E5F-F1551B7AF9D5}.Debug|x64.ActiveCfg = Debug|x64
		{4607A1B2-B90B-4F16-9E5F-F1551B7AF9D5}.Debug|x64.Build.0 = Debug|x64
		{4607A1B2-B90B-4F16-9E5F-F1551B7AF9D5}.Debug|x64.Deploy.0 = Debug|x64
		{4607A1B2-B90B-4F16-9E5F-F1551B7AF9D5}.Debug|x86.ActiveCfg = Debug|x86
		{4607A1B2-B90B-4F16-9E5F-F1551B7AF9D5}.Debug|x86.Build.0 = Debug|x86
		{4607A1B2-B90B-4F16-9E5F-F1551B7AF9D5}.Debug|x86.Deploy.0 = Debug|x86
		{4607A1B2-B90B-4F16-9E5F-F1551B7AF9D5}.Release|Any CPU.ActiveCfg = Release|x64
		{4607A1B2-B90B-4F16-9E5F-F1551B7AF9D5}.Release|Any CPU.Build.0 = Release|x64
		{4607A1B2-B90B-4F16-9E5F-F1551B7AF9D5}.Release|Any CPU.Deploy.0 = Release|x64
		{4607A1B2-B90B-4F16-9E5F-F1551B7AF9D5}.Release|ARM.ActiveCfg = Release|ARM
		{4607A1B2-B90B-4F16-9E5F-F1551B7AF9D5}.Release|ARM.Build.0 = Release|ARM
		{4607A1B2-B90B-4F16-9E5F-F1551B7AF9D5}.Release|ARM.Deploy.0 = Release|ARM
		{4607A1B2-B90B-4F16-9E5F-F1551B7AF9D5}.Release|ARM64.ActiveCfg = Release|ARM64
		{4607A1B2-B90B-4F16-9E5F-F1551B7AF9D5}.Release|ARM64.Build.0 = Release|ARM64
		{4607A1B2-B90B-4F16-9E5F-F1551B7AF9D5}.Release|ARM64.Deploy.0 = Release|ARM64
		{4607A1B2-B90B-4F16-9E5F-F1551B7AF9D5}.Release|x64.ActiveCfg = Release|x64
		{4607A1B2-B90B-4F16-9E5F-F1551B7AF9D5}.Release|x64.Build.0 = Release|x64
		{4607A1B2-B90B-4F16-9E5F-F1551B7AF9D5}.Release|x64.Deploy.0 = Release|x64
		{4607A1B2-B90B-4F16-9E5F-F1551B7AF9D5}.Release|x86.ActiveCfg = Release|x86
		{4607A1B2-B90B-4F16-9E5F-F1551B7AF9D5}.Release|x86.Build.0 = Release|x86
		{4607A1B2-B90B-4F16-9E5F-F1551B7AF9D5}.Release|x86.Deploy.0 = Release|x86
		{76B37CE5-CF01-4256-9987-1C96185D1A42}.Debug|Any CPU.ActiveCfg = Debug|Any CPU
		{76B37CE5-CF01-4256-9987-1C96185D1A42}.Debug|Any CPU.Build.0 = Debug|Any CPU
		{76B37CE5-CF01-4256-9987-1C96185D1A42}.Debug|ARM.ActiveCfg = Debug|ARM
		{76B37CE5-CF01-4256-9987-1C96185D1A42}.Debug|ARM.Build.0 = Debug|ARM
		{76B37CE5-CF01-4256-9987-1C96185D1A42}.Debug|ARM64.ActiveCfg = Debug|ARM64
		{76B37CE5-CF01-4256-9987-1C96185D1A42}.Debug|ARM64.Build.0 = Debug|ARM64
		{76B37CE5-CF01-4256-9987-1C96185D1A42}.Debug|x64.ActiveCfg = Debug|x64
		{76B37CE5-CF01-4256-9987-1C96185D1A42}.Debug|x64.Build.0 = Debug|x64
		{76B37CE5-CF01-4256-9987-1C96185D1A42}.Debug|x86.ActiveCfg = Debug|x86
		{76B37CE5-CF01-4256-9987-1C96185D1A42}.Debug|x86.Build.0 = Debug|x86
		{76B37CE5-CF01-4256-9987-1C96185D1A42}.Release|Any CPU.ActiveCfg = Release|Any CPU
		{76B37CE5-CF01-4256-9987-1C96185D1A42}.Release|Any CPU.Build.0 = Release|Any CPU
		{76B37CE5-CF01-4256-9987-1C96185D1A42}.Release|ARM.ActiveCfg = Release|ARM
		{76B37CE5-CF01-4256-9987-1C96185D1A42}.Release|ARM.Build.0 = Release|ARM
		{76B37CE5-CF01-4256-9987-1C96185D1A42}.Release|ARM64.ActiveCfg = Release|ARM64
		{76B37CE5-CF01-4256-9987-1C96185D1A42}.Release|ARM64.Build.0 = Release|ARM64
		{76B37CE5-CF01-4256-9987-1C96185D1A42}.Release|x64.ActiveCfg = Release|x64
		{76B37CE5-CF01-4256-9987-1C96185D1A42}.Release|x64.Build.0 = Release|x64
		{76B37CE5-CF01-4256-9987-1C96185D1A42}.Release|x86.ActiveCfg = Release|x86
		{76B37CE5-CF01-4256-9987-1C96185D1A42}.Release|x86.Build.0 = Release|x86
		{20D895A0-209B-44F7-969C-9097F829680D}.Debug|Any CPU.ActiveCfg = Debug|Any CPU
		{20D895A0-209B-44F7-969C-9097F829680D}.Debug|Any CPU.Build.0 = Debug|Any CPU
		{20D895A0-209B-44F7-969C-9097F829680D}.Debug|ARM.ActiveCfg = Debug|ARM
		{20D895A0-209B-44F7-969C-9097F829680D}.Debug|ARM.Build.0 = Debug|ARM
		{20D895A0-209B-44F7-969C-9097F829680D}.Debug|ARM64.ActiveCfg = Debug|ARM64
		{20D895A0-209B-44F7-969C-9097F829680D}.Debug|ARM64.Build.0 = Debug|ARM64
		{20D895A0-209B-44F7-969C-9097F829680D}.Debug|x64.ActiveCfg = Debug|x64
		{20D895A0-209B-44F7-969C-9097F829680D}.Debug|x64.Build.0 = Debug|x64
		{20D895A0-209B-44F7-969C-9097F829680D}.Debug|x86.ActiveCfg = Debug|x86
		{20D895A0-209B-44F7-969C-9097F829680D}.Debug|x86.Build.0 = Debug|x86
		{20D895A0-209B-44F7-969C-9097F829680D}.Release|Any CPU.ActiveCfg = Release|Any CPU
		{20D895A0-209B-44F7-969C-9097F829680D}.Release|Any CPU.Build.0 = Release|Any CPU
		{20D895A0-209B-44F7-969C-9097F829680D}.Release|ARM.ActiveCfg = Release|ARM
		{20D895A0-209B-44F7-969C-9097F829680D}.Release|ARM.Build.0 = Release|ARM
		{20D895A0-209B-44F7-969C-9097F829680D}.Release|ARM64.ActiveCfg = Release|ARM64
		{20D895A0-209B-44F7-969C-9097F829680D}.Release|ARM64.Build.0 = Release|ARM64
		{20D895A0-209B-44F7-969C-9097F829680D}.Release|x64.ActiveCfg = Release|x64
		{20D895A0-209B-44F7-969C-9097F829680D}.Release|x64.Build.0 = Release|x64
		{20D895A0-209B-44F7-969C-9097F829680D}.Release|x86.ActiveCfg = Release|x86
		{20D895A0-209B-44F7-969C-9097F829680D}.Release|x86.Build.0 = Release|x86
		{851C96C2-CDD2-4C76-8F3B-F7D51115BD9F}.Debug|Any CPU.ActiveCfg = Debug|Any CPU
		{851C96C2-CDD2-4C76-8F3B-F7D51115BD9F}.Debug|Any CPU.Build.0 = Debug|Any CPU
		{851C96C2-CDD2-4C76-8F3B-F7D51115BD9F}.Debug|ARM.ActiveCfg = Debug|ARM
		{851C96C2-CDD2-4C76-8F3B-F7D51115BD9F}.Debug|ARM.Build.0 = Debug|ARM
		{851C96C2-CDD2-4C76-8F3B-F7D51115BD9F}.Debug|ARM64.ActiveCfg = Debug|ARM64
		{851C96C2-CDD2-4C76-8F3B-F7D51115BD9F}.Debug|ARM64.Build.0 = Debug|ARM64
		{851C96C2-CDD2-4C76-8F3B-F7D51115BD9F}.Debug|x64.ActiveCfg = Debug|x64
		{851C96C2-CDD2-4C76-8F3B-F7D51115BD9F}.Debug|x64.Build.0 = Debug|x64
		{851C96C2-CDD2-4C76-8F3B-F7D51115BD9F}.Debug|x86.ActiveCfg = Debug|x86
		{851C96C2-CDD2-4C76-8F3B-F7D51115BD9F}.Debug|x86.Build.0 = Debug|x86
		{851C96C2-CDD2-4C76-8F3B-F7D51115BD9F}.Release|Any CPU.ActiveCfg = Release|Any CPU
		{851C96C2-CDD2-4C76-8F3B-F7D51115BD9F}.Release|Any CPU.Build.0 = Release|Any CPU
		{851C96C2-CDD2-4C76-8F3B-F7D51115BD9F}.Release|ARM.ActiveCfg = Release|ARM
		{851C96C2-CDD2-4C76-8F3B-F7D51115BD9F}.Release|ARM.Build.0 = Release|ARM
		{851C96C2-CDD2-4C76-8F3B-F7D51115BD9F}.Release|ARM64.ActiveCfg = Release|ARM64
		{851C96C2-CDD2-4C76-8F3B-F7D51115BD9F}.Release|ARM64.Build.0 = Release|ARM64
		{851C96C2-CDD2-4C76-8F3B-F7D51115BD9F}.Release|x64.ActiveCfg = Release|x64
		{851C96C2-CDD2-4C76-8F3B-F7D51115BD9F}.Release|x64.Build.0 = Release|x64
		{851C96C2-CDD2-4C76-8F3B-F7D51115BD9F}.Release|x86.ActiveCfg = Release|x86
		{851C96C2-CDD2-4C76-8F3B-F7D51115BD9F}.Release|x86.Build.0 = Release|x86
		{E32DC079-4B3D-44A6-9A3B-9C819BBFB0D6}.Debug|Any CPU.ActiveCfg = Debug|Any CPU
		{E32DC079-4B3D-44A6-9A3B-9C819BBFB0D6}.Debug|Any CPU.Build.0 = Debug|Any CPU
		{E32DC079-4B3D-44A6-9A3B-9C819BBFB0D6}.Debug|ARM.ActiveCfg = Debug|ARM
		{E32DC079-4B3D-44A6-9A3B-9C819BBFB0D6}.Debug|ARM.Build.0 = Debug|ARM
		{E32DC079-4B3D-44A6-9A3B-9C819BBFB0D6}.Debug|ARM64.ActiveCfg = Debug|ARM64
		{E32DC079-4B3D-44A6-9A3B-9C819BBFB0D6}.Debug|ARM64.Build.0 = Debug|ARM64
		{E32DC079-4B3D-44A6-9A3B-9C819BBFB0D6}.Debug|x64.ActiveCfg = Debug|x64
		{E32DC079-4B3D-44A6-9A3B-9C819BBFB0D6}.Debug|x64.Build.0 = Debug|x64
		{E32DC079-4B3D-44A6-9A3B-9C819BBFB0D6}.Debug|x86.ActiveCfg = Debug|x86
		{E32DC079-4B3D-44A6-9A3B-9C819BBFB0D6}.Debug|x86.Build.0 = Debug|x86
		{E32DC079-4B3D-44A6-9A3B-9C819BBFB0D6}.Release|Any CPU.ActiveCfg = Release|Any CPU
		{E32DC079-4B3D-44A6-9A3B-9C819BBFB0D6}.Release|Any CPU.Build.0 = Release|Any CPU
		{E32DC079-4B3D-44A6-9A3B-9C819BBFB0D6}.Release|ARM.ActiveCfg = Release|ARM
		{E32DC079-4B3D-44A6-9A3B-9C819BBFB0D6}.Release|ARM.Build.0 = Release|ARM
		{E32DC079-4B3D-44A6-9A3B-9C819BBFB0D6}.Release|ARM64.ActiveCfg = Release|ARM64
		{E32DC079-4B3D-44A6-9A3B-9C819BBFB0D6}.Release|ARM64.Build.0 = Release|ARM64
		{E32DC079-4B3D-44A6-9A3B-9C819BBFB0D6}.Release|x64.ActiveCfg = Release|x64
		{E32DC079-4B3D-44A6-9A3B-9C819BBFB0D6}.Release|x64.Build.0 = Release|x64
		{E32DC079-4B3D-44A6-9A3B-9C819BBFB0D6}.Release|x86.ActiveCfg = Release|x86
		{E32DC079-4B3D-44A6-9A3B-9C819BBFB0D6}.Release|x86.Build.0 = Release|x86
	EndGlobalSection
	GlobalSection(SolutionProperties) = preSolution
		HideSolutionNode = FALSE
	EndGlobalSection
	GlobalSection(NestedProjects) = preSolution
		{A8B89D6F-2505-4C77-9A9F-C84BED8A77E0} = {957C24A3-3BE5-4A1F-BBAE-306C4C0DD97B}
		{6AA0BB3D-D640-4B2B-BA68-377B7F9944A4} = {957C24A3-3BE5-4A1F-BBAE-306C4C0DD97B}
		{B141001B-ABD0-48B4-ADF6-6E1C1252F6FA} = {957C24A3-3BE5-4A1F-BBAE-306C4C0DD97B}
		{59430E2B-03CF-4CE7-B0D1-4A9A305AE4A0} = {957C24A3-3BE5-4A1F-BBAE-306C4C0DD97B}
		{4607A1B2-B90B-4F16-9E5F-F1551B7AF9D5} = {5C87AD2C-22F2-419D-8D67-52FC0AAD8FDC}
		{76B37CE5-CF01-4256-9987-1C96185D1A42} = {02EA681E-C7D8-13C7-8484-4AC65E1B71E8}
		{20D895A0-209B-44F7-969C-9097F829680D} = {02EA681E-C7D8-13C7-8484-4AC65E1B71E8}
		{851C96C2-CDD2-4C76-8F3B-F7D51115BD9F} = {02EA681E-C7D8-13C7-8484-4AC65E1B71E8}
		{E32DC079-4B3D-44A6-9A3B-9C819BBFB0D6} = {02EA681E-C7D8-13C7-8484-4AC65E1B71E8}
	EndGlobalSection
	GlobalSection(ExtensibilityGlobals) = postSolution
		SolutionGuid = {931C88B5-D5C3-45DA-908F-F56B704C73EB}
	EndGlobalSection
EndGlobal
