
Microsoft Visual Studio Solution File, Format Version 12.00
# Visual Studio Version 17
VisualStudioVersion = 17.11.35327.3
MinimumVisualStudioVersion = 10.0.40219.1
Project("{2150E333-8FDC-42A3-9474-1A3956D46DE8}") = "JJ.Net", "JJ.Net", "{6B86AF0A-99B0-4366-B931-687628A14687}"
EndProject
Project("{FAE04EC0-301F-11D3-BF4B-00C04F79EFBC}") = "JJ.Net.CrossData", "JJ.Net.CrossData\JJ.Net.CrossData.csproj", "{FC1CA5C7-2B19-438F-8D41-2FB1FC5E1FBB}"
EndProject
Project("{FAE04EC0-301F-11D3-BF4B-00C04F79EFBC}") = "JJ.Net.Data", "JJ.Net.Data\JJ.Net.Data.csproj", "{7B7431D5-837A-4A8F-B9EC-390D3FE6CDDE}"
EndProject
Project("{FAE04EC0-301F-11D3-BF4B-00C04F79EFBC}") = "JJ.Net.Cryptography", "JJ.Net.Cryptography\JJ.Net.Cryptography.csproj", "{17252C5A-6FB6-4F90-A966-C1303DDD2384}"
EndProject
Project("{FAE04EC0-301F-11D3-BF4B-00C04F79EFBC}") = "JJ.Net.Core", "JJ.Net.Core\JJ.Net.Core.csproj", "{7FEA7B0B-C5BA-4969-B841-FFF13C3B48DC}"
EndProject
Project("{FAE04EC0-301F-11D3-BF4B-00C04F79EFBC}") = "JJ.Net.CrossData_WinUI_3", "JJ.Net.CrossData_WinUI_3\JJ.Net.CrossData_WinUI_3.csproj", "{AD7CC685-9007-4075-9AB1-BC70297B0DA5}"
EndProject
Global
	GlobalSection(SolutionConfigurationPlatforms) = preSolution
		Debug|Any CPU = Debug|Any CPU
		Release|Any CPU = Release|Any CPU
	EndGlobalSection
	GlobalSection(ProjectConfigurationPlatforms) = postSolution
		{FC1CA5C7-2B19-438F-8D41-2FB1FC5E1FBB}.Debug|Any CPU.ActiveCfg = Debug|Any CPU
		{FC1CA5C7-2B19-438F-8D41-2FB1FC5E1FBB}.Debug|Any CPU.Build.0 = Debug|Any CPU
		{FC1CA5C7-2B19-438F-8D41-2FB1FC5E1FBB}.Release|Any CPU.ActiveCfg = Release|Any CPU
		{FC1CA5C7-2B19-438F-8D41-2FB1FC5E1FBB}.Release|Any CPU.Build.0 = Release|Any CPU
		{7B7431D5-837A-4A8F-B9EC-390D3FE6CDDE}.Debug|Any CPU.ActiveCfg = Debug|Any CPU
		{7B7431D5-837A-4A8F-B9EC-390D3FE6CDDE}.Debug|Any CPU.Build.0 = Debug|Any CPU
		{7B7431D5-837A-4A8F-B9EC-390D3FE6CDDE}.Release|Any CPU.ActiveCfg = Release|Any CPU
		{7B7431D5-837A-4A8F-B9EC-390D3FE6CDDE}.Release|Any CPU.Build.0 = Release|Any CPU
		{17252C5A-6FB6-4F90-A966-C1303DDD2384}.Debug|Any CPU.ActiveCfg = Debug|Any CPU
		{17252C5A-6FB6-4F90-A966-C1303DDD2384}.Debug|Any CPU.Build.0 = Debug|Any CPU
		{17252C5A-6FB6-4F90-A966-C1303DDD2384}.Release|Any CPU.ActiveCfg = Release|Any CPU
		{17252C5A-6FB6-4F90-A966-C1303DDD2384}.Release|Any CPU.Build.0 = Release|Any CPU
		{7FEA7B0B-C5BA-4969-B841-FFF13C3B48DC}.Debug|Any CPU.ActiveCfg = Debug|Any CPU
		{7FEA7B0B-C5BA-4969-B841-FFF13C3B48DC}.Debug|Any CPU.Build.0 = Debug|Any CPU
		{7FEA7B0B-C5BA-4969-B841-FFF13C3B48DC}.Release|Any CPU.ActiveCfg = Release|Any CPU
		{7FEA7B0B-C5BA-4969-B841-FFF13C3B48DC}.Release|Any CPU.Build.0 = Release|Any CPU
		{AD7CC685-9007-4075-9AB1-BC70297B0DA5}.Debug|Any CPU.ActiveCfg = Debug|Any CPU
		{AD7CC685-9007-4075-9AB1-BC70297B0DA5}.Debug|Any CPU.Build.0 = Debug|Any CPU
		{AD7CC685-9007-4075-9AB1-BC70297B0DA5}.Release|Any CPU.ActiveCfg = Release|Any CPU
		{AD7CC685-9007-4075-9AB1-BC70297B0DA5}.Release|Any CPU.Build.0 = Release|Any CPU
	EndGlobalSection
	GlobalSection(SolutionProperties) = preSolution
		HideSolutionNode = FALSE
	EndGlobalSection
	GlobalSection(NestedProjects) = preSolution
		{FC1CA5C7-2B19-438F-8D41-2FB1FC5E1FBB} = {6B86AF0A-99B0-4366-B931-687628A14687}
		{7B7431D5-837A-4A8F-B9EC-390D3FE6CDDE} = {6B86AF0A-99B0-4366-B931-687628A14687}
		{17252C5A-6FB6-4F90-A966-C1303DDD2384} = {6B86AF0A-99B0-4366-B931-687628A14687}
		{7FEA7B0B-C5BA-4969-B841-FFF13C3B48DC} = {6B86AF0A-99B0-4366-B931-687628A14687}
		{AD7CC685-9007-4075-9AB1-BC70297B0DA5} = {6B86AF0A-99B0-4366-B931-687628A14687}
	EndGlobalSection
	GlobalSection(ExtensibilityGlobals) = postSolution
		SolutionGuid = {931C88B5-D5C3-45DA-908F-F56B704C73EB}
	EndGlobalSection
EndGlobal
